%{"certifi": {:hex, :certifi, "0.3.0"},
  "combine": {:hex, :combine, "0.7.0"},
  "cowboy": {:hex, :cowboy, "1.0.4"},
  "cowlib": {:hex, :cowlib, "1.0.2"},
  "current_streak_ex": {:hex, :current_streak_ex, "0.1.1"},
  "ex_parameterized": {:hex, :ex_parameterized, "1.0.2"},
  "exjsx": {:hex, :exjsx, "3.1.0"},
  "feeder": {:hex, :feeder, "1.4.7"},
  "feeder_ex": {:hex, :feeder_ex, "0.0.2"},
  "floki": {:hex, :floki, "0.8.0"},
  "github_trend_ex": {:hex, :github_trend_ex, "0.1.0"},
  "hackney": {:hex, :hackney, "1.4.10"},
  "httpoison": {:hex, :httpoison, "0.8.1"},
  "idna": {:hex, :idna, "1.1.0"},
  "jsx": {:hex, :jsx, "2.4.0"},
  "mimerl": {:hex, :mimerl, "1.0.2"},
  "mochiweb": {:hex, :mochiweb, "2.12.2"},
  "mochiweb_html": {:hex, :mochiweb_html, "2.13.0"},
  "plug": {:hex, :plug, "1.1.2"},
  "poison": {:hex, :poison, "1.5.2"},
  "quinn": {:hex, :quinn, "0.0.4"},
  "ranch": {:hex, :ranch, "1.2.1"},
  "reporter": {:hex, :reporter, "0.3.3"},
  "revision_plate_ex": {:hex, :revision_plate_ex, "0.1.0"},
  "slack": {:hex, :slack, "0.4.2"},
  "ssl_verify_hostname": {:hex, :ssl_verify_hostname, "1.0.5"},
  "tentacat": {:hex, :tentacat, "0.3.0"},
  "timex": {:hex, :timex, "1.0.2"},
  "tzdata": {:hex, :tzdata, "0.5.6"},
  "websocket_client": {:git, "https://github.com/jeremyong/websocket_client.git", "f6892c8b55004008ce2d52be7d98b156f3e34569", []}}
