%{"certifi": {:hex, :certifi, "0.4.0", "a7966efb868b179023618d29a407548f70c52466bf1849b9e8ebd0e34b7ea11f", [:rebar3], []},
  "combine": {:hex, :combine, "0.9.2", "cd3c8721f378ebe032487d8a4fa2ced3181a456a3c21b16464da8c46904bb552", [:mix], []},
  "cowboy": {:hex, :cowboy, "1.0.4", "a324a8df9f2316c833a470d918aaf73ae894278b8aa6226ce7a9bf699388f878", [:rebar, :make], [{:cowlib, "~> 1.0.0", [hex: :cowlib, optional: false]}, {:ranch, "~> 1.0", [hex: :ranch, optional: false]}]},
  "cowlib": {:hex, :cowlib, "1.0.2", "9d769a1d062c9c3ac753096f868ca121e2730b9a377de23dec0f7e08b1df84ee", [:make], []},
  "current_streak_ex": {:hex, :current_streak_ex, "0.1.1", "feef0fd6ef500e3c2faa0ed6ce653b755c13460bb2ccfbed7977d7691e8a086d", [:mix], [{:floki, "~> 0.8", [hex: :floki, optional: false]}, {:httpoison, "~> 0.8", [hex: :httpoison, optional: false]}]},
  "ex_parameterized": {:hex, :ex_parameterized, "1.1.0", "56861f901013517fdd915d53ffaeeb256b5360fb9a2ee58f57b7f4ee33476728", [:mix], []},
  "exjsx": {:hex, :exjsx, "3.2.1", "1bc5bf1e4fd249104178f0885030bcd75a4526f4d2a1e976f4b428d347614f0f", [:mix], [{:jsx, "~> 2.8.0", [hex: :jsx, optional: false]}]},
  "feeder": {:hex, :feeder, "2.0.1", "f6d7d2468831f5406a7ec2969c8c51ec405697a4ffc319b25cb4ac56437546ba", [:make], []},
  "feeder_ex": {:hex, :feeder_ex, "0.0.5", "1f877ed75a7a1277f7ed8a05cccf253dc19fc6b1927d1664a99fb6a9a153a1d1", [:mix], [{:feeder, "~> 2.0", [hex: :feeder, optional: false]}]},
  "floki": {:hex, :floki, "0.10.1", "1e36c04264396699f02640e4f88ee92c3459a9286795f54c860aec9204bfcbf2", [:mix], [{:mochiweb_html, "~> 2.15", [hex: :mochiweb_html, optional: false]}]},
  "gettext": {:hex, :gettext, "0.12.1", "c0624f52763469ef7a3674919ae28b8286d88195b90fa1516180f31bbbd26d14", [:mix], []},
  "github_trend_ex": {:hex, :github_trend_ex, "0.1.2", "3d10ac555f0d9ffca5392a78bd6bddd66d2319b40cf609ea96b450084a0ce49e", [:mix], [{:floki, "~> 0.8", [hex: :floki, optional: false]}, {:httpoison, "~> 0.8", [hex: :httpoison, optional: false]}]},
  "hackney": {:hex, :hackney, "1.6.1", "ddd22d42db2b50e6a155439c8811b8f6df61a4395de10509714ad2751c6da817", [:rebar3], [{:certifi, "0.4.0", [hex: :certifi, optional: false]}, {:idna, "1.2.0", [hex: :idna, optional: false]}, {:metrics, "1.0.1", [hex: :metrics, optional: false]}, {:mimerl, "1.0.2", [hex: :mimerl, optional: false]}, {:ssl_verify_fun, "1.1.0", [hex: :ssl_verify_fun, optional: false]}]},
  "httpoison": {:hex, :httpoison, "0.8.3", "b675a3fdc839a0b8d7a285c6b3747d6d596ae70b6ccb762233a990d7289ccae4", [:mix], [{:hackney, "~> 1.6.0", [hex: :hackney, optional: false]}]},
  "idna": {:hex, :idna, "1.2.0", "ac62ee99da068f43c50dc69acf700e03a62a348360126260e87f2b54eced86b2", [:rebar3], []},
  "jsx": {:hex, :jsx, "2.8.0", "749bec6d205c694ae1786d62cea6cc45a390437e24835fd16d12d74f07097727", [:mix, :rebar], []},
  "metrics": {:hex, :metrics, "1.0.1", "25f094dea2cda98213cecc3aeff09e940299d950904393b2a29d191c346a8486", [:rebar3], []},
  "mime": {:hex, :mime, "1.0.1", "05c393850524767d13a53627df71beeebb016205eb43bfbd92d14d24ec7a1b51", [:mix], []},
  "mimerl": {:hex, :mimerl, "1.0.2", "993f9b0e084083405ed8252b99460c4f0563e41729ab42d9074fd5e52439be88", [:rebar3], []},
  "mochiweb": {:hex, :mochiweb, "2.12.2"},
  "mochiweb_html": {:hex, :mochiweb_html, "2.15.0", "d7402e967d7f9f2912f8befa813c37be62d5eeeddbbcb6fe986c44e01460d497", [:rebar3], []},
  "plug": {:hex, :plug, "1.2.2", "cfbda521b54c92ab8ddffb173fbaabed8d8fc94bec07cd9bb58a84c1c501b0bd", [:mix], [{:cowboy, "~> 1.0", [hex: :cowboy, optional: true]}, {:mime, "~> 1.0", [hex: :mime, optional: false]}]},
  "poison": {:hex, :poison, "3.0.0", "625ebd64d33ae2e65201c2c14d6c85c27cc8b68f2d0dd37828fde9c6920dd131", [:mix], []},
  "quinn": {:hex, :quinn, "0.0.4"},
  "ranch": {:hex, :ranch, "1.2.1", "a6fb992c10f2187b46ffd17ce398ddf8a54f691b81768f9ef5f461ea7e28c762", [:make], []},
  "reporter": {:hex, :reporter, "0.6.0", "95e0eb9b0d64a8904af28d1d8b8df8f193d3ce582651adb8cc55fc61f346cc0b", [:mix], [{:feeder_ex, "~> 0.0.2", [hex: :feeder_ex, optional: false]}, {:floki, "~> 0.8", [hex: :floki, optional: false]}, {:httpoison, "~> 0.8", [hex: :httpoison, optional: false]}, {:poison, "~> 3.0", [hex: :poison, optional: false]}]},
  "revision_plate_ex": {:hex, :revision_plate_ex, "0.2.0", "446f4ad8a1b7099e65ee8c9b4d5ae8a046c4067aa998cc7b95cab076a0350dad", [:mix], [{:cowboy, "~> 1.0.0", [hex: :cowboy, optional: false]}, {:plug, "~> 1.0", [hex: :plug, optional: false]}]},
  "slack": {:hex, :slack, "0.5.0", "06390cc75eb54bf716f7ffce5020711cfef5dd0c43d5d917162c007feef20162", [:mix], [{:exjsx, "~> 3.2.0", [hex: :exjsx, optional: false]}, {:httpoison, "~> 0.8.0", [hex: :httpoison, optional: false]}]},
  "ssl_verify_fun": {:hex, :ssl_verify_fun, "1.1.0", "edee20847c42e379bf91261db474ffbe373f8acb56e9079acb6038d4e0bf414f", [:make, :rebar], []},
  "ssl_verify_hostname": {:hex, :ssl_verify_hostname, "1.0.5"},
  "tentacat": {:hex, :tentacat, "0.5.3", "71e448c9004bf72f0014d3b9d7592493501122d3ab551f95aa3003c5deb9fb92", [:mix], [{:exjsx, "~> 3.2", [hex: :exjsx, optional: false]}, {:httpoison, "~> 0.8", [hex: :httpoison, optional: false]}]},
  "timex": {:hex, :timex, "2.2.1", "0d69012a7fd69f4cbdaa00cc5f2a5f30f1bed56072fb362ed4bddf60db343022", [:mix], [{:combine, "~> 0.7", [hex: :combine, optional: false]}, {:gettext, "~> 0.10", [hex: :gettext, optional: false]}, {:tzdata, "~> 0.1.8 or ~> 0.5", [hex: :tzdata, optional: false]}]},
  "tzdata": {:hex, :tzdata, "0.5.9", "575be217b039057a47e133b72838cbe104fb5329b19906ea4e66857001c37edb", [:mix], [{:hackney, "~> 1.0", [hex: :hackney, optional: false]}]},
  "websocket_client": {:git, "https://github.com/jeremyong/websocket_client.git", "f6892c8b55004008ce2d52be7d98b156f3e34569", []}}
